
Microsoft Visual Studio Solution File, Format Version 12.00
# Visual Studio Version 17
VisualStudioVersion = 17.10.35013.160
MinimumVisualStudioVersion = 10.0.40219.1
Project("{9A19103F-16F7-4668-BE54-9A1E7A4F7556}") = "BookstoreWeb", "Bookstore.Web\BookstoreWeb.csproj", "{B1067463-95EE-4CB9-AE6E-5524D5347EAD}"
EndProject
Project("{9A19103F-16F7-4668-BE54-9A1E7A4F7556}") = "Bookstore.DataAccess", "Bookstore.DataAccess\Bookstore.DataAccess.csproj", "{04B21351-3E2F-4713-B0A3-73673335096C}"
EndProject
Project("{9A19103F-16F7-4668-BE54-9A1E7A4F7556}") = "Bookstore.Models", "Bookstore.Models\Bookstore.Models.csproj", "{C41714C9-720D-4E90-ABBD-5EF617A6D223}"
EndProject
Project("{9A19103F-16F7-4668-BE54-9A1E7A4F7556}") = "Bookstore.Utility", "Bookstore.Utility\Bookstore.Utility.csproj", "{C7013635-D32F-49C5-A8E1-95E0EE885DFD}"
EndProject
Global
	GlobalSection(SolutionConfigurationPlatforms) = preSolution
		Debug|Any CPU = Debug|Any CPU
		Release|Any CPU = Release|Any CPU
	EndGlobalSection
	GlobalSection(ProjectConfigurationPlatforms) = postSolution
		{B1067463-95EE-4CB9-AE6E-5524D5347EAD}.Debug|Any CPU.ActiveCfg = Debug|Any CPU
		{B1067463-95EE-4CB9-AE6E-5524D5347EAD}.Debug|Any CPU.Build.0 = Debug|Any CPU
		{B1067463-95EE-4CB9-AE6E-5524D5347EAD}.Release|Any CPU.ActiveCfg = Release|Any CPU
		{B1067463-95EE-4CB9-AE6E-5524D5347EAD}.Release|Any CPU.Build.0 = Release|Any CPU
		{04B21351-3E2F-4713-B0A3-73673335096C}.Debug|Any CPU.ActiveCfg = Debug|Any CPU
		{04B21351-3E2F-4713-B0A3-73673335096C}.Debug|Any CPU.Build.0 = Debug|Any CPU
		{04B21351-3E2F-4713-B0A3-73673335096C}.Release|Any CPU.ActiveCfg = Release|Any CPU
		{04B21351-3E2F-4713-B0A3-73673335096C}.Release|Any CPU.Build.0 = Release|Any CPU
		{C41714C9-720D-4E90-ABBD-5EF617A6D223}.Debug|Any CPU.ActiveCfg = Debug|Any CPU
		{C41714C9-720D-4E90-ABBD-5EF617A6D223}.Debug|Any CPU.Build.0 = Debug|Any CPU
		{C41714C9-720D-4E90-ABBD-5EF617A6D223}.Release|Any CPU.ActiveCfg = Release|Any CPU
		{C41714C9-720D-4E90-ABBD-5EF617A6D223}.Release|Any CPU.Build.0 = Release|Any CPU
		{C7013635-D32F-49C5-A8E1-95E0EE885DFD}.Debug|Any CPU.ActiveCfg = Debug|Any CPU
		{C7013635-D32F-49C5-A8E1-95E0EE885DFD}.Debug|Any CPU.Build.0 = Debug|Any CPU
		{C7013635-D32F-49C5-A8E1-95E0EE885DFD}.Release|Any CPU.ActiveCfg = Release|Any CPU
		{C7013635-D32F-49C5-A8E1-95E0EE885DFD}.Release|Any CPU.Build.0 = Release|Any CPU
	EndGlobalSection
	GlobalSection(SolutionProperties) = preSolution
		HideSolutionNode = FALSE
	EndGlobalSection
	GlobalSection(ExtensibilityGlobals) = postSolution
		SolutionGuid = {767284E0-D578-4057-BDA2-048D1133144C}
	EndGlobalSection
EndGlobal
